
Microsoft Visual Studio Solution File, Format Version 12.00
# Visual Studio Version 16
VisualStudioVersion = 16.0.30002.166
MinimumVisualStudioVersion = 10.0.40219.1
Project("{FAE04EC0-301F-11D3-BF4B-00C04F79EFBC}") = "ClientFaux", "src\ClientFaux.csproj", "{A38F19D6-53D1-45B2-A40A-27CE08A1927E}"
EndProject
Project("{54435603-DBB4-11D2-8724-00A0C9A8B90C}") = "Installer", "Installer\Installer.vdproj", "{BBBE2700-83DA-4E8B-8C00-2565DA44BF8A}"
EndProject
Global
	GlobalSection(SolutionConfigurationPlatforms) = preSolution
		Debug|Any CPU = Debug|Any CPU
		Release|Any CPU = Release|Any CPU
	EndGlobalSection
	GlobalSection(ProjectConfigurationPlatforms) = postSolution
		{A38F19D6-53D1-45B2-A40A-27CE08A1927E}.Debug|Any CPU.ActiveCfg = Debug|Any CPU
		{A38F19D6-53D1-45B2-A40A-27CE08A1927E}.Debug|Any CPU.Build.0 = Debug|Any CPU
		{A38F19D6-53D1-45B2-A40A-27CE08A1927E}.Release|Any CPU.ActiveCfg = Release|Any CPU
		{A38F19D6-53D1-45B2-A40A-27CE08A1927E}.Release|Any CPU.Build.0 = Release|Any CPU
		{BBBE2700-83DA-4E8B-8C00-2565DA44BF8A}.Debug|Any CPU.ActiveCfg = Debug
		{BBBE2700-83DA-4E8B-8C00-2565DA44BF8A}.Release|Any CPU.ActiveCfg = Release
	EndGlobalSection
	GlobalSection(SolutionProperties) = preSolution
		HideSolutionNode = FALSE
	EndGlobalSection
	GlobalSection(ExtensibilityGlobals) = postSolution
		SolutionGuid = {0EF4A9DB-F562-4A00-8AA7-E20E955895EC}
	EndGlobalSection
EndGlobal
